<?xml version="1.0" encoding="utf-8"?>
<Project ToolsVersion="4.0" xmlns="http://schemas.microsoft.com/developer/msbuild/2003">
  <ItemGroup>
    <Filter Include="源文件">
      <UniqueIdentifier>{4FC737F1-C7A5-4376-A066-2A32D752A2FF}</UniqueIdentifier>
      <Extensions>cpp;c;cc;cxx;def;odl;idl;hpj;bat;asm;asmx</Extensions>
    </Filter>
    <Filter Include="头文件">
      <UniqueIdentifier>{93995380-89BD-4b04-88EB-625FBE52EBFB}</UniqueIdentifier>
      <Extensions>h;hh;hpp;hxx;hm;inl;inc;ipp;xsd</Extensions>
    </Filter>
    <Filter Include="资源文件">
      <UniqueIdentifier>{67DA6AB6-F800-4c08-8B7A-83BB121AAD01}</UniqueIdentifier>
      <Extensions>rc;ico;cur;bmp;dlg;rc2;rct;bin;rgs;gif;jpg;jpeg;jpe;resx;tiff;tif;png;wav;mfcribbon-ms</Extensions>
    </Filter>
  </ItemGroup>
  <ItemGroup>
    <ClInclude Include="SCLPrerequisites.h">
      <Filter>头文件</Filter>
    </ClInclude>
    <ClInclude Include="SCLRoot.h">
      <Filter>头文件</Filter>
    </ClInclude>
    <ClInclude Include="SCLInteriorHeader.h">
      <Filter>头文件</Filter>
    </ClInclude>
    <ClInclude Include="SCLWindow.h">
      <Filter>头文件</Filter>
    </ClInclude>
    <ClInclude Include="SCLViewport.h">
      <Filter>头文件</Filter>
    </ClInclude>
    <ClInclude Include="SCLRenderTarget.h">
      <Filter>头文件</Filter>
    </ClInclude>
    <ClInclude Include="targetver.h">
      <Filter>头文件</Filter>
    </ClInclude>
    <ClInclude Include="SCLCamera.h">
      <Filter>头文件</Filter>
    </ClInclude>
    <ClInclude Include="SCLShaderProgram.h">
      <Filter>头文件</Filter>
    </ClInclude>
    <ClInclude Include="SCLImage.h">
      <Filter>头文件</Filter>
    </ClInclude>
    <ClInclude Include="SCLTexture2D.h">
      <Filter>头文件</Filter>
    </ClInclude>
    <ClInclude Include="SCLRenderer.h">
      <Filter>头文件</Filter>
    </ClInclude>
    <ClInclude Include="SCLRendererStateCache.h">
      <Filter>头文件</Filter>
    </ClInclude>
    <ClInclude Include="SCLScene.h">
      <Filter>头文件</Filter>
    </ClInclude>
    <ClInclude Include="SCLSingleton.h">
      <Filter>头文件</Filter>
    </ClInclude>
    <ClInclude Include="SCLColorValue.h">
      <Filter>头文件</Filter>
    </ClInclude>
    <ClInclude Include="SCLVector.h">
      <Filter>头文件</Filter>
    </ClInclude>
    <ClInclude Include="SCLMatrix.h">
      <Filter>头文件</Filter>
    </ClInclude>
    <ClInclude Include="SCLEntity.h">
      <Filter>头文件</Filter>
    </ClInclude>
    <ClInclude Include="SCLMeshManager.h">
      <Filter>头文件</Filter>
    </ClInclude>
    <ClInclude Include="SCLResourceManager.h">
      <Filter>头文件</Filter>
    </ClInclude>
    <ClInclude Include="SCLResource.h">
      <Filter>头文件</Filter>
    </ClInclude>
    <ClInclude Include="SCLMesh.h">
      <Filter>头文件</Filter>
    </ClInclude>
    <ClInclude Include="SCLVertex.h">
      <Filter>头文件</Filter>
    </ClInclude>
    <ClInclude Include="SCLSceneNode.h">
      <Filter>头文件</Filter>
    </ClInclude>
    <ClInclude Include="SCLMovableObject.h">
      <Filter>头文件</Filter>
    </ClInclude>
    <ClInclude Include="SCLQuaternion.h">
      <Filter>头文件</Filter>
    </ClInclude>
    <ClInclude Include="SCLSubMesh.h">
      <Filter>头文件</Filter>
    </ClInclude>
    <ClInclude Include="SCLNetworkManager.h">
      <Filter>头文件</Filter>
    </ClInclude>
    <ClInclude Include="SCLHttpRequest.h">
      <Filter>头文件</Filter>
    </ClInclude>
  </ItemGroup>
  <ItemGroup>
    <ClCompile Include="SCLPrerequisites.cpp">
      <Filter>源文件</Filter>
    </ClCompile>
    <ClCompile Include="SCLRoot.cpp">
      <Filter>源文件</Filter>
    </ClCompile>
    <ClCompile Include="SCLWindow.cpp">
      <Filter>源文件</Filter>
    </ClCompile>
    <ClCompile Include="SCLViewport.cpp">
      <Filter>源文件</Filter>
    </ClCompile>
    <ClCompile Include="SCLRenderTarget.cpp">
      <Filter>源文件</Filter>
    </ClCompile>
    <ClCompile Include="SCLCamera.cpp">
      <Filter>源文件</Filter>
    </ClCompile>
    <ClCompile Include="SCLShaderProgram.cpp">
      <Filter>源文件</Filter>
    </ClCompile>
    <ClCompile Include="SCLImage.cpp">
      <Filter>源文件</Filter>
    </ClCompile>
    <ClCompile Include="SCLTexture2D.cpp">
      <Filter>源文件</Filter>
    </ClCompile>
    <ClCompile Include="SCLRenderer.cpp">
      <Filter>源文件</Filter>
    </ClCompile>
    <ClCompile Include="SCLRendererStateCache.cpp">
      <Filter>源文件</Filter>
    </ClCompile>
    <ClCompile Include="SCLScene.cpp">
      <Filter>源文件</Filter>
    </ClCompile>
    <ClCompile Include="SCLColorValue.cpp">
      <Filter>源文件</Filter>
    </ClCompile>
    <ClCompile Include="SCLVector.cpp">
      <Filter>源文件</Filter>
    </ClCompile>
    <ClCompile Include="SCLMatrix.cpp">
      <Filter>源文件</Filter>
    </ClCompile>
    <ClCompile Include="SCLEntity.cpp">
      <Filter>源文件</Filter>
    </ClCompile>
    <ClCompile Include="SCLMeshManager.cpp">
      <Filter>源文件</Filter>
    </ClCompile>
    <ClCompile Include="SCLResourceManager.cpp">
      <Filter>源文件</Filter>
    </ClCompile>
    <ClCompile Include="SCLResource.cpp">
      <Filter>源文件</Filter>
    </ClCompile>
    <ClCompile Include="SCLMesh.cpp">
      <Filter>源文件</Filter>
    </ClCompile>
    <ClCompile Include="SCLSceneNode.cpp">
      <Filter>源文件</Filter>
    </ClCompile>
    <ClCompile Include="SCLMovableObject.cpp">
      <Filter>源文件</Filter>
    </ClCompile>
    <ClCompile Include="SCLQuaternion.cpp">
      <Filter>源文件</Filter>
    </ClCompile>
    <ClCompile Include="SCLSubMesh.cpp">
      <Filter>源文件</Filter>
    </ClCompile>
    <ClCompile Include="SCLNetworkManager.cpp">
      <Filter>源文件</Filter>
    </ClCompile>
    <ClCompile Include="SCLHttpRequest.cpp">
      <Filter>源文件</Filter>
    </ClCompile>
  </ItemGroup>
</Project>